
Microsoft Visual Studio Solution File, Format Version 12.00
# Visual Studio Version 17
VisualStudioVersion = 17.11.35222.181
MinimumVisualStudioVersion = 10.0.40219.1
Project("{FAE04EC0-301F-11D3-BF4B-00C04F79EFBC}") = "AspDotNetCore", "AspDotNetCore\AspDotNetCore.csproj", "{40FB60CE-BA17-4ADD-8A2F-1B4E492042AF}"
EndProject
Project("{FAE04EC0-301F-11D3-BF4B-00C04F79EFBC}") = "BasicMVCProject", "BasicMVCProject\BasicMVCProject.csproj", "{1C57EE87-908E-40B6-A0E2-C9BF4B1139F5}"
EndProject
Global
	GlobalSection(SolutionConfigurationPlatforms) = preSolution
		Debug|Any CPU = Debug|Any CPU
		Release|Any CPU = Release|Any CPU
	EndGlobalSection
	GlobalSection(ProjectConfigurationPlatforms) = postSolution
		{40FB60CE-BA17-4ADD-8A2F-1B4E492042AF}.Debug|Any CPU.ActiveCfg = Debug|Any CPU
		{40FB60CE-BA17-4ADD-8A2F-1B4E492042AF}.Debug|Any CPU.Build.0 = Debug|Any CPU
		{40FB60CE-BA17-4ADD-8A2F-1B4E492042AF}.Release|Any CPU.ActiveCfg = Release|Any CPU
		{40FB60CE-BA17-4ADD-8A2F-1B4E492042AF}.Release|Any CPU.Build.0 = Release|Any CPU
		{1C57EE87-908E-40B6-A0E2-C9BF4B1139F5}.Debug|Any CPU.ActiveCfg = Debug|Any CPU
		{1C57EE87-908E-40B6-A0E2-C9BF4B1139F5}.Debug|Any CPU.Build.0 = Debug|Any CPU
		{1C57EE87-908E-40B6-A0E2-C9BF4B1139F5}.Release|Any CPU.ActiveCfg = Release|Any CPU
		{1C57EE87-908E-40B6-A0E2-C9BF4B1139F5}.Release|Any CPU.Build.0 = Release|Any CPU
	EndGlobalSection
	GlobalSection(SolutionProperties) = preSolution
		HideSolutionNode = FALSE
	EndGlobalSection
	GlobalSection(ExtensibilityGlobals) = postSolution
		SolutionGuid = {62C35943-699F-4275-8DF3-D61984C1795C}
	EndGlobalSection
EndGlobal
